
Microsoft Visual Studio Solution File, Format Version 12.00
# Visual Studio 15
VisualStudioVersion = 15.0.27130.2036
MinimumVisualStudioVersion = 10.0.40219.1
Project("{FAE04EC0-301F-11D3-BF4B-00C04F79EFBC}") = "DataStructures", "DataStructures\DataStructures.csproj", "{401E1DE2-0F9E-4DEA-AD13-063AB92A43B7}"
EndProject
Project("{FAE04EC0-301F-11D3-BF4B-00C04F79EFBC}") = "DataStructures.Test", "DataStructures.Test\DataStructures.Test.csproj", "{3C970FAE-1AB8-4EFC-9D8D-2C6863D17809}"
EndProject
Global
	GlobalSection(SolutionConfigurationPlatforms) = preSolution
		Debug|Any CPU = Debug|Any CPU
		Release|Any CPU = Release|Any CPU
	EndGlobalSection
	GlobalSection(ProjectConfigurationPlatforms) = postSolution
		{401E1DE2-0F9E-4DEA-AD13-063AB92A43B7}.Debug|Any CPU.ActiveCfg = Debug|Any CPU
		{401E1DE2-0F9E-4DEA-AD13-063AB92A43B7}.Debug|Any CPU.Build.0 = Debug|Any CPU
		{401E1DE2-0F9E-4DEA-AD13-063AB92A43B7}.Release|Any CPU.ActiveCfg = Debug|Any CPU
		{401E1DE2-0F9E-4DEA-AD13-063AB92A43B7}.Release|Any CPU.Build.0 = Debug|Any CPU
		{3C970FAE-1AB8-4EFC-9D8D-2C6863D17809}.Debug|Any CPU.ActiveCfg = Debug|Any CPU
		{3C970FAE-1AB8-4EFC-9D8D-2C6863D17809}.Debug|Any CPU.Build.0 = Debug|Any CPU
		{3C970FAE-1AB8-4EFC-9D8D-2C6863D17809}.Release|Any CPU.ActiveCfg = Debug|Any CPU
		{3C970FAE-1AB8-4EFC-9D8D-2C6863D17809}.Release|Any CPU.Build.0 = Debug|Any CPU
	EndGlobalSection
	GlobalSection(SolutionProperties) = preSolution
		HideSolutionNode = FALSE
	EndGlobalSection
	GlobalSection(ExtensibilityGlobals) = postSolution
		SolutionGuid = {30B2F7C2-14D5-47CF-8973-23F4E6E8F7D2}
	EndGlobalSection
EndGlobal
